
Microsoft Visual Studio Solution File, Format Version 12.00
Project("{FAE04EC0-301F-11D3-BF4B-00C04F79EFBC}") = "PBE_NewFileExtractor", "PBE_NewFileExtractor.csproj", "{07E49D95-6383-43BB-BA4B-D009F6E4F9E9}"
EndProject
Global
	GlobalSection(SolutionConfigurationPlatforms) = preSolution
		Debug|Any CPU = Debug|Any CPU
		Release|Any CPU = Release|Any CPU
	EndGlobalSection
	GlobalSection(ProjectConfigurationPlatforms) = postSolution
		{07E49D95-6383-43BB-BA4B-D009F6E4F9E9}.Debug|Any CPU.ActiveCfg = Debug|Any CPU
		{07E49D95-6383-43BB-BA4B-D009F6E4F9E9}.Debug|Any CPU.Build.0 = Debug|Any CPU
		{07E49D95-6383-43BB-BA4B-D009F6E4F9E9}.Release|Any CPU.ActiveCfg = Release|Any CPU
		{07E49D95-6383-43BB-BA4B-D009F6E4F9E9}.Release|Any CPU.Build.0 = Release|Any CPU
	EndGlobalSection
EndGlobal
